#MicroXplorer Configuration settings - do not modify
ADC1.Channel-2\#ChannelRegularConversion=ADC_CHANNEL_TEMPSENSOR
ADC1.IPParameters=Rank-2\#ChannelRegularConversion,master,Channel-2\#ChannelRegularConversion,SamplingTime-2\#ChannelRegularConversion,NbrOfConversionFlag
ADC1.NbrOfConversionFlag=1
ADC1.Rank-2\#ChannelRegularConversion=1
ADC1.SamplingTime-2\#ChannelRegularConversion=ADC_SAMPLETIME_1CYCLE_5
ADC1.master=1
CAN.BS1=CAN_BS1_1TQ
CAN.BS2=CAN_BS2_1TQ
CAN.CalculateBaudRate=749999
CAN.CalculateTimeBit=1333
CAN.CalculateTimeQuantum=444.44444444444446
CAN.IPParameters=CalculateTimeQuantum,CalculateTimeBit,BS1,BS2,CalculateBaudRate,NART
CAN.NART=ENABLE
File.Version=6
GPIO.groupedBy=Group By Peripherals
KeepUserPlacement=false
Mcu.Family=STM32F1
Mcu.IP0=ADC1
Mcu.IP1=CAN
Mcu.IP10=USART1
Mcu.IP11=WWDG
Mcu.IP2=NVIC
Mcu.IP3=RCC
Mcu.IP4=SPI1
Mcu.IP5=SYS
Mcu.IP6=TIM1
Mcu.IP7=TIM2
Mcu.IP8=TIM3
Mcu.IP9=TIM4
Mcu.IPNb=12
Mcu.Name=STM32F103C(8-B)Tx
Mcu.Package=LQFP48
Mcu.Pin0=PC13-TAMPER-RTC
Mcu.Pin1=PD0-OSC_IN
Mcu.Pin10=PA7
Mcu.Pin11=PB0
Mcu.Pin12=PB1
Mcu.Pin13=PB2
Mcu.Pin14=PB10
Mcu.Pin15=PB11
Mcu.Pin16=PB12
Mcu.Pin17=PB13
Mcu.Pin18=PB14
Mcu.Pin19=PB15
Mcu.Pin2=PD1-OSC_OUT
Mcu.Pin20=PA8
Mcu.Pin21=PA9
Mcu.Pin22=PA10
Mcu.Pin23=PA11
Mcu.Pin24=PA12
Mcu.Pin25=PA13
Mcu.Pin26=PA14
Mcu.Pin27=PA15
Mcu.Pin28=PB3
Mcu.Pin29=PB4
Mcu.Pin3=PA0-WKUP
Mcu.Pin30=PB5
Mcu.Pin31=PB6
Mcu.Pin32=PB7
Mcu.Pin33=PB8
Mcu.Pin34=PB9
Mcu.Pin35=VP_ADC1_TempSens_Input
Mcu.Pin36=VP_SYS_VS_Systick
Mcu.Pin37=VP_TIM1_VS_ControllerModeClock
Mcu.Pin38=VP_TIM1_VS_ClockSourceITR
Mcu.Pin39=VP_TIM2_VS_ClockSourceITR
Mcu.Pin4=PA1
Mcu.Pin40=VP_TIM3_VS_ClockSourceINT
Mcu.Pin41=VP_TIM3_VS_ClockSourceITR
Mcu.Pin42=VP_TIM4_VS_ControllerModeClock
Mcu.Pin43=VP_TIM4_VS_ClockSourceITR
Mcu.Pin44=VP_WWDG_VS_WWDG
Mcu.Pin5=PA2
Mcu.Pin6=PA3
Mcu.Pin7=PA4
Mcu.Pin8=PA5
Mcu.Pin9=PA6
Mcu.PinsNb=45
Mcu.ThirdPartyNb=0
Mcu.UserConstants=
Mcu.UserName=STM32F103C8Tx
MxCube.Version=6.4.0
MxDb.Version=DB.6.0.40
NVIC.BusFault_IRQn=true\:0\:0\:false\:false\:true\:false\:false
NVIC.DebugMonitor_IRQn=true\:0\:0\:false\:false\:true\:false\:false
NVIC.ForceEnableDMAVector=true
NVIC.HardFault_IRQn=true\:0\:0\:false\:false\:true\:false\:false
NVIC.MemoryManagement_IRQn=true\:0\:0\:false\:false\:true\:false\:false
NVIC.NonMaskableInt_IRQn=true\:0\:0\:false\:false\:true\:false\:false
NVIC.PendSV_IRQn=true\:0\:0\:false\:false\:true\:false\:false
NVIC.PriorityGroup=NVIC_PRIORITYGROUP_4
NVIC.SVCall_IRQn=true\:0\:0\:false\:false\:true\:false\:false
NVIC.SysTick_IRQn=true\:0\:0\:false\:false\:true\:false\:true
NVIC.TIM1_UP_IRQn=true\:0\:0\:false\:false\:true\:true\:true
NVIC.TIM2_IRQn=true\:4\:0\:true\:false\:true\:true\:true
NVIC.USB_LP_CAN1_RX0_IRQn=true\:0\:0\:false\:false\:true\:true\:true
NVIC.UsageFault_IRQn=true\:0\:0\:false\:false\:true\:false\:false
PA0-WKUP.GPIOParameters=GPIO_PuPd,GPIO_Label
PA0-WKUP.GPIO_Label=CLK/Step (Opto)
PA0-WKUP.GPIO_PuPd=GPIO_PULLUP
PA0-WKUP.Locked=true
PA0-WKUP.Signal=GPIO_Input
PA1.GPIOParameters=GPIO_PuPd,GPIO_Label
PA1.GPIO_Label=Dir (Opto)
PA1.GPIO_PuPd=GPIO_PULLUP
PA1.Locked=true
PA1.Signal=GPIO_Input
PA10.Locked=true
PA10.Mode=Asynchronous
PA10.Signal=USART1_RX
PA11.Mode=CAN_Activate
PA11.Signal=CAN_RX
PA12.GPIOParameters=GPIO_Label
PA12.GPIO_Label=CAN_TX 1K
PA12.Locked=true
PA12.Mode=CAN_Activate
PA12.Signal=CAN_TX
PA13.GPIOParameters=GPIO_Label
PA13.GPIO_Label=SWDIO
PA13.Locked=true
PA13.Mode=Serial_Wire
PA13.Signal=SYS_JTMS-SWDIO
PA14.GPIOParameters=GPIO_Label
PA14.GPIO_Label=SWCLK
PA14.Locked=true
PA14.Mode=Serial_Wire
PA14.Signal=SYS_JTCK-SWCLK
PA15.GPIOParameters=GPIO_Label
PA15.GPIO_Label=DIP1
PA15.Locked=true
PA15.Signal=GPIO_Input
PA2.GPIOParameters=GPIO_PuPd,GPIO_Label
PA2.GPIO_Label=Enable (galvanic)
PA2.GPIO_PuPd=GPIO_PULLUP
PA2.Locked=true
PA2.Signal=GPIO_Input
PA3.GPIOParameters=GPIO_Label
PA3.GPIO_Label=K2_Button_Next
PA3.Locked=true
PA3.Signal=GPIO_Output
PA4.GPIOParameters=GPIO_Label
PA4.GPIO_Label=TLE5012B_CSQ
PA4.Locked=true
PA4.Mode=NSS_Signal_Hard_Output
PA4.Signal=SPI1_NSS
PA5.GPIOParameters=GPIO_Label
PA5.GPIO_Label=TLE5012B_SCK
PA5.Locked=true
PA5.Mode=Simplex_Bidirectional_Master
PA5.Signal=SPI1_SCK
PA6.GPIOParameters=GPIO_Label
PA6.GPIO_Label=TLE5012B_DATA_6.7k_Shorted
PA6.Locked=true
PA6.Signal=SPI1_MISO
PA7.GPIOParameters=GPIO_Label
PA7.GPIO_Label=TLE5012B_DATA_6.7k
PA7.Locked=true
PA7.Mode=Simplex_Bidirectional_Master
PA7.Signal=SPI1_MOSI
PA8.GPIOParameters=GPIO_Label
PA8.GPIO_Label=OLED_RST
PA8.Locked=true
PA8.Signal=GPIO_Output
PA9.Locked=true
PA9.Mode=Asynchronous
PA9.Signal=USART1_TX
PB0.GPIOParameters=GPIO_Label
PB0.GPIO_Label=K3_Button_menu
PB0.Locked=true
PB0.Signal=GPIO_Input
PB1.GPIOParameters=GPIO_Label
PB1.GPIO_Label=K1_button_enter
PB1.Locked=true
PB1.Signal=GPIO_Input
PB10.GPIOParameters=GPIO_Label
PB10.GPIO_Label=DIP4
PB10.Locked=true
PB10.Signal=GPIO_Input
PB11.GPIOParameters=GPIO_Label
PB11.GPIO_Label=DIP3
PB11.Locked=true
PB11.Signal=GPIO_Input
PB12.GPIOParameters=GPIO_Label
PB12.GPIO_Label=OLED_CS
PB12.Locked=true
PB12.Signal=GPIO_Output
PB13.GPIOParameters=GPIO_Label
PB13.GPIO_Label=OLED_DC
PB13.Locked=true
PB13.Signal=GPIO_Output
PB14.GPIOParameters=GPIO_Label
PB14.GPIO_Label=OLED_D1
PB14.Locked=true
PB14.Signal=GPIO_Output
PB15.GPIOParameters=GPIO_Label
PB15.GPIO_Label=OLED_D0
PB15.Locked=true
PB15.Signal=GPIO_Output
PB2.GPIOParameters=GPIO_Label
PB2.GPIO_Label=CAN_EN(S57A)
PB2.Locked=true
PB2.Signal=GPIO_Input
PB3.GPIOParameters=GPIO_Label
PB3.GPIO_Label=DIP2
PB3.Locked=true
PB3.Signal=GPIO_Input
PB4.GPIOParameters=GPIO_Label
PB4.GPIO_Label=VREF34
PB4.Locked=true
PB4.Signal=S_TIM3_CH1
PB5.GPIOParameters=GPIO_Label
PB5.GPIO_Label=VREF12
PB5.Locked=true
PB5.Signal=S_TIM3_CH2
PB6.GPIOParameters=GPIO_Label
PB6.GPIO_Label=A4950_IN1
PB6.Locked=true
PB6.Signal=S_TIM4_CH1
PB7.GPIOParameters=GPIO_Label
PB7.GPIO_Label=A4950_IN2
PB7.Locked=true
PB7.Signal=S_TIM4_CH2
PB8.GPIOParameters=GPIO_Label
PB8.GPIO_Label=A4950_IN3
PB8.Locked=true
PB8.Signal=S_TIM4_CH3
PB9.GPIOParameters=GPIO_Label
PB9.GPIO_Label=A4950_IN4
PB9.Locked=true
PB9.Signal=S_TIM4_CH4
PC13-TAMPER-RTC.GPIOParameters=GPIO_Label
PC13-TAMPER-RTC.GPIO_Label=Work_LED
PC13-TAMPER-RTC.Locked=true
PC13-TAMPER-RTC.Signal=GPIO_Output
PCC.Checker=false
PCC.Line=STM32F103
PCC.MCU=STM32F103C(8-B)Tx
PCC.PartNumber=STM32F103C8Tx
PCC.Seq0=2
PCC.Seq0.Step0.Average_Current=14 \u00B5A
PCC.Seq0.Step0.CPU_Frequency=0 Hz
PCC.Seq0.Step0.Category=In DS Table
PCC.Seq0.Step0.DMIPS=0.0
PCC.Seq0.Step0.Duration=0.9 ms
PCC.Seq0.Step0.Frequency=0 Hz
PCC.Seq0.Step0.Memory=n/a
PCC.Seq0.Step0.Mode=STOP
PCC.Seq0.Step0.Oscillator=Regulator_LP
PCC.Seq0.Step0.Peripherals=
PCC.Seq0.Step0.TaMax=105
PCC.Seq0.Step0.User's_Consumption=0 mA
PCC.Seq0.Step0.Vcore=No Scale
PCC.Seq0.Step0.Vdd=3.3
PCC.Seq0.Step0.Voltage_Source=Battery
PCC.Seq0.Step1.Average_Current=42.01 mA
PCC.Seq0.Step1.CPU_Frequency=72 MHz
PCC.Seq0.Step1.Category=In DS Table
PCC.Seq0.Step1.DMIPS=61.0
PCC.Seq0.Step1.Duration=1 ms
PCC.Seq0.Step1.Frequency=8 MHz
PCC.Seq0.Step1.Memory=FLASH
PCC.Seq0.Step1.Mode=RUN
PCC.Seq0.Step1.Oscillator=HSE PLL
PCC.Seq0.Step1.Peripherals=ADC1 ADC2 GPIOA GPIOB GPIOC GPIOD SPI1 SPI2 TIM1 TIM2 TIM3 TIM4 USART1 USB WWDG
PCC.Seq0.Step1.TaMax=97.38
PCC.Seq0.Step1.User's_Consumption=0 mA
PCC.Seq0.Step1.Vcore=No Scale
PCC.Seq0.Step1.Vdd=3.3
PCC.Seq0.Step1.Voltage_Source=Vbus
PCC.Series=STM32F1
PCC.Temperature=25
PCC.Vdd=3.3
PD0-OSC_IN.GPIOParameters=GPIO_Label
PD0-OSC_IN.GPIO_Label=Y1_XTAL_IN
PD0-OSC_IN.Locked=true
PD0-OSC_IN.Mode=HSE-External-Oscillator
PD0-OSC_IN.Signal=RCC_OSC_IN
PD1-OSC_OUT.GPIOParameters=GPIO_Label
PD1-OSC_OUT.GPIO_Label=Y1_XTAL_OUT
PD1-OSC_OUT.Locked=true
PD1-OSC_OUT.Mode=HSE-External-Oscillator
PD1-OSC_OUT.Signal=RCC_OSC_OUT
PinOutPanel.RotationAngle=0
ProjectManager.AskForMigrate=true
ProjectManager.BackupPrevious=false
ProjectManager.CompilerOptimize=6
ProjectManager.ComputerToolchain=false
ProjectManager.CoupleFile=true
ProjectManager.CustomerFirmwarePackage=
ProjectManager.DefaultFWLocation=true
ProjectManager.DeletePrevious=true
ProjectManager.DeviceId=STM32F103C8Tx
ProjectManager.FirmwarePackage=STM32Cube FW_F1 V1.8.4
ProjectManager.FreePins=false
ProjectManager.HalAssertFull=false
ProjectManager.HeapSize=0x200
ProjectManager.KeepUserCode=true
ProjectManager.LastFirmware=true
ProjectManager.LibraryCopy=1
ProjectManager.MainLocation=Core/Src
ProjectManager.NoMain=true
ProjectManager.PreviousToolchain=
ProjectManager.ProjectBuild=false
ProjectManager.ProjectFileName=StepperServo.ioc
ProjectManager.ProjectName=StepperServo
ProjectManager.RegisterCallBack=
ProjectManager.StackSize=0x400
ProjectManager.TargetToolchain=Makefile
ProjectManager.ToolChainLocation=
ProjectManager.UnderRoot=false
ProjectManager.functionlistsort=1-MX_GPIO_Init-GPIO-false-HAL-true,2-SystemClock_Config-RCC-false-HAL-false,3-MX_SPI1_Init-SPI1-false-HAL-true,4-MX_ADC1_Init-ADC1-false-HAL-true,5-MX_CAN_Init-CAN-false-HAL-true,6-MX_TIM1_Init-TIM1-false-HAL-true,7-MX_TIM2_Init-TIM2-false-HAL-true,8-MX_TIM3_Init-TIM3-false-HAL-true,9-MX_WWDG_Init-WWDG-false-HAL-true,10-MX_TIM4_Init-TIM4-false-HAL-true,11-MX_USART1_UART_Init-USART1-false-HAL-true
RCC.ADCFreqValue=12000000
RCC.ADCPresc=RCC_ADCPCLK2_DIV6
RCC.AHBFreq_Value=72000000
RCC.APB1CLKDivider=RCC_HCLK_DIV2
RCC.APB1Freq_Value=36000000
RCC.APB1TimFreq_Value=72000000
RCC.APB2Freq_Value=72000000
RCC.APB2TimFreq_Value=72000000
RCC.FCLKCortexFreq_Value=72000000
RCC.FamilyName=M
RCC.HCLKFreq_Value=72000000
RCC.HSEDivPLL=RCC_HSE_PREDIV_DIV2
RCC.HSE_VALUE=16000000
RCC.HSICalibrationValue=8
RCC.IPParameters=ADCFreqValue,ADCPresc,AHBFreq_Value,APB1CLKDivider,APB1Freq_Value,APB1TimFreq_Value,APB2Freq_Value,APB2TimFreq_Value,FCLKCortexFreq_Value,FamilyName,HCLKFreq_Value,HSEDivPLL,HSE_VALUE,HSICalibrationValue,MCOFreq_Value,PLLCLKFreq_Value,PLLMCOFreq_Value,PLLMUL,PLLSourceVirtual,SYSCLKFreq_VALUE,SYSCLKSource,TimSysFreq_Value,USBFreq_Value,VCOOutput2Freq_Value
RCC.MCOFreq_Value=72000000
RCC.PLLCLKFreq_Value=72000000
RCC.PLLMCOFreq_Value=36000000
RCC.PLLMUL=RCC_PLL_MUL9
RCC.PLLSourceVirtual=RCC_PLLSOURCE_HSE
RCC.SYSCLKFreq_VALUE=72000000
RCC.SYSCLKSource=RCC_SYSCLKSOURCE_PLLCLK
RCC.TimSysFreq_Value=72000000
RCC.USBFreq_Value=72000000
RCC.VCOOutput2Freq_Value=8000000
SH.S_TIM3_CH1.0=TIM3_CH1,PWM Generation1 CH1
SH.S_TIM3_CH1.ConfNb=1
SH.S_TIM3_CH2.0=TIM3_CH2,PWM Generation2 CH2
SH.S_TIM3_CH2.ConfNb=1
SH.S_TIM4_CH1.0=TIM4_CH1,PWM Generation1 CH1
SH.S_TIM4_CH1.ConfNb=1
SH.S_TIM4_CH2.0=TIM4_CH2,PWM Generation2 CH2
SH.S_TIM4_CH2.ConfNb=1
SH.S_TIM4_CH3.0=TIM4_CH3,PWM Generation3 CH3
SH.S_TIM4_CH3.ConfNb=1
SH.S_TIM4_CH4.0=TIM4_CH4,PWM Generation4 CH4
SH.S_TIM4_CH4.ConfNb=1
SPI1.BaudRatePrescaler=SPI_BAUDRATEPRESCALER_32
SPI1.CLKPhase=SPI_PHASE_2EDGE
SPI1.CRCCalculation=SPI_CRCCALCULATION_ENABLE
SPI1.CRCPolynomial=X1+X2+X3+X7
SPI1.CalculateBaudRate=2.25 MBits/s
SPI1.DataSize=SPI_DATASIZE_16BIT
SPI1.Direction=SPI_DIRECTION_1LINE
SPI1.IPParameters=VirtualType,Mode,Direction,CalculateBaudRate,BaudRatePrescaler,CRCCalculation,VirtualNSS,CRCPolynomial,CLKPhase,DataSize
SPI1.Mode=SPI_MODE_MASTER
SPI1.VirtualNSS=VM_NSSHARD
SPI1.VirtualType=VM_MASTER
TIM1.Channel-Output\ Compare1\ CH1\ CH1N=TIM_CHANNEL_1
TIM1.IPParameters=Channel-Output Compare1 CH1 CH1N
TIM3.Channel-PWM\ Generation1\ CH1=TIM_CHANNEL_1
TIM3.Channel-PWM\ Generation2\ CH2=TIM_CHANNEL_2
TIM3.IPParameters=Channel-PWM Generation1 CH1,Channel-PWM Generation2 CH2
TIM4.Channel-PWM\ Generation1\ CH1=TIM_CHANNEL_1
TIM4.Channel-PWM\ Generation2\ CH2=TIM_CHANNEL_2
TIM4.Channel-PWM\ Generation3\ CH3=TIM_CHANNEL_3
TIM4.Channel-PWM\ Generation4\ CH4=TIM_CHANNEL_4
TIM4.IPParameters=Channel-PWM Generation3 CH3,Channel-PWM Generation1 CH1,Channel-PWM Generation2 CH2,Channel-PWM Generation4 CH4
USART1.IPParameters=VirtualMode
USART1.VirtualMode=VM_ASYNC
VP_ADC1_TempSens_Input.Mode=IN-TempSens
VP_ADC1_TempSens_Input.Signal=ADC1_TempSens_Input
VP_SYS_VS_Systick.Mode=SysTick
VP_SYS_VS_Systick.Signal=SYS_VS_Systick
VP_TIM1_VS_ClockSourceITR.Mode=TriggerSource_ITR1
VP_TIM1_VS_ClockSourceITR.Signal=TIM1_VS_ClockSourceITR
VP_TIM1_VS_ControllerModeClock.Mode=Clock Mode
VP_TIM1_VS_ControllerModeClock.Signal=TIM1_VS_ControllerModeClock
VP_TIM2_VS_ClockSourceITR.Mode=TriggerSource_ITR0
VP_TIM2_VS_ClockSourceITR.Signal=TIM2_VS_ClockSourceITR
VP_TIM3_VS_ClockSourceINT.Mode=Internal
VP_TIM3_VS_ClockSourceINT.Signal=TIM3_VS_ClockSourceINT
VP_TIM3_VS_ClockSourceITR.Mode=TriggerSource_ITR0
VP_TIM3_VS_ClockSourceITR.Signal=TIM3_VS_ClockSourceITR
VP_TIM4_VS_ClockSourceITR.Mode=TriggerSource_ITR0
VP_TIM4_VS_ClockSourceITR.Signal=TIM4_VS_ClockSourceITR
VP_TIM4_VS_ControllerModeClock.Mode=Clock Mode
VP_TIM4_VS_ControllerModeClock.Signal=TIM4_VS_ControllerModeClock
VP_WWDG_VS_WWDG.Mode=WWDG_Activate
VP_WWDG_VS_WWDG.Signal=WWDG_VS_WWDG
board=custom
